
Microsoft Visual Studio Solution File, Format Version 12.00
# Visual Studio 15
VisualStudioVersion = 15.0.28307.1000
MinimumVisualStudioVersion = 10.0.40219.1
Project("{FAE04EC0-301F-11D3-BF4B-00C04F79EFBC}") = "AsyncBreakfast-starter", "AsyncBreakfast-starter\AsyncBreakfast-starter.csproj", "{DD27E181-D915-4821-A7CB-3227AE98A0B9}"
EndProject
Project("{FAE04EC0-301F-11D3-BF4B-00C04F79EFBC}") = "AsyncBreakfast-final", "AsyncBreakfast-final\AsyncBreakfast-final.csproj", "{232F8DC7-FE3F-4BD9-8F79-794794133C6B}"
EndProject
Global
	GlobalSection(SolutionConfigurationPlatforms) = preSolution
		Debug|Any CPU = Debug|Any CPU
		Release|Any CPU = Release|Any CPU
	EndGlobalSection
	GlobalSection(ProjectConfigurationPlatforms) = postSolution
		{DD27E181-D915-4821-A7CB-3227AE98A0B9}.Debug|Any CPU.ActiveCfg = Debug|Any CPU
		{DD27E181-D915-4821-A7CB-3227AE98A0B9}.Debug|Any CPU.Build.0 = Debug|Any CPU
		{DD27E181-D915-4821-A7CB-3227AE98A0B9}.Release|Any CPU.ActiveCfg = Release|Any CPU
		{DD27E181-D915-4821-A7CB-3227AE98A0B9}.Release|Any CPU.Build.0 = Release|Any CPU
		{232F8DC7-FE3F-4BD9-8F79-794794133C6B}.Debug|Any CPU.ActiveCfg = Debug|Any CPU
		{232F8DC7-FE3F-4BD9-8F79-794794133C6B}.Debug|Any CPU.Build.0 = Debug|Any CPU
		{232F8DC7-FE3F-4BD9-8F79-794794133C6B}.Release|Any CPU.ActiveCfg = Release|Any CPU
		{232F8DC7-FE3F-4BD9-8F79-794794133C6B}.Release|Any CPU.Build.0 = Release|Any CPU
	EndGlobalSection
	GlobalSection(SolutionProperties) = preSolution
		HideSolutionNode = FALSE
	EndGlobalSection
	GlobalSection(ExtensibilityGlobals) = postSolution
		SolutionGuid = {E895A23E-4971-4640-ADBF-A0F864AEE8D9}
	EndGlobalSection
EndGlobal
